PackratFormat: 1.4
PackratVersion: 0.4.7.1
RVersion: 3.3.0
Repos: BioCsoft=https://bioconductor.org/packages/3.3/bioc,
    BioCann=https://bioconductor.org/packages/3.3/data/annotation,
    BioCexp=https://bioconductor.org/packages/3.3/data/experiment,
    BioCextra=https://bioconductor.org/packages/3.3/extra,
    CRAN=https://mirrors.ebi.ac.uk/CRAN,
    CRANextra=https://www.stats.ox.ac.uk/pub/RWin

Package: BH
Source: CRAN
Version: 1.60.0-2
Hash: be2967bcff307e561d9ba17faf03205c

Package: Biobase
Source: Bioconductor
Version: 2.32.0
Hash: 8656d39f7657385a5aac26e9c3e53007
Requires: BiocGenerics

Package: BiocGenerics
Source: Bioconductor
Version: 0.18.0
Hash: a7867e1dc7d96afd75a5d76053e495a6

Package: BiocInstaller
Source: Bioconductor
Version: 1.22.2
Hash: 6110c987dce593dd4d4ea07693ee8bc5

Package: Biostrings
Source: Bioconductor
Version: 2.40.0
Hash: 02281ab8661a9170c79df7051e1935d4
Requires: BiocGenerics, IRanges, S4Vectors, XVector

Package: CAMERA
Source: Bioconductor
Version: 1.28.0
Hash: 93932baa601c1ca5f8e783e89b0afc37
Requires: Biobase, Hmisc, RBGL, graph, igraph, xcms

Package: CTSgetR
Source: github
Version: 1.1
Hash: e487d8eeec053c3c999db9e133c29da7
Requires: KEGGREST, RCurl, RJSONIO, jsonlite, vwr
GithubRepo: CTSgetR
GithubUsername: stanstrup
GithubRef: master
GithubSha1: ed99bdbf9c7e4aec1f7df8d008da80cb88984a8e

Package: ChemmineR
Source: Bioconductor
Version: 2.24.2
Hash: 05a429695932ab0ffc5ec2ba3de704c1
Requires: BH, BiocGenerics, DBI, RCurl, Rcpp, digest, ggplot2, rjson

Package: DBI
Source: CRAN
Version: 0.4-1
Hash: 6524d5c5d30ff74084ac028eeb19eb1b

Package: DT
Source: github
Version: 0.1.56
Hash: ae994f441335a31bf07c92a39e9e4969
Requires: htmltools, htmlwidgets, magrittr
GithubRepo: DT
GithubUsername: rstudio
GithubRef: master
GithubSha1: 24d71f27126fd9c971c3c1f5173179e0323172bc

Package: Formula
Source: CRAN
Version: 1.2-1
Hash: 47ae34d89a8dd8fde36c9c0b5c587819

Package: Hmisc
Source: CRAN
Version: 3.17-4
Hash: cc7076b8d20cee30cef888cb4392f5bf
Requires: Formula, acepack, data.table, ggplot2, gridExtra, gtable,
    latticeExtra

Package: IRanges
Source: Bioconductor
Version: 2.6.0
Hash: 84d83ffe365708ab83fccb83aa42b9a0
Requires: BiocGenerics, S4Vectors

Package: KEGGREST
Source: Bioconductor
Version: 1.12.2
Hash: 5c298bbd8c24cde94f3b8ef1d1795294
Requires: Biostrings, httr, png

Package: MatrixModels
Source: CRAN
Version: 0.4-1
Hash: 60a5c75e57aae4a0ce76cb7422939aaf

Package: NMF
Source: CRAN
Version: 0.20.6
Hash: 632aad207ab2e551b33990c9f09ab8af
Requires: RColorBrewer, colorspace, digest, doParallel, foreach,
    ggplot2, gridBase, pkgmaker, registry, reshape2, rngtools, stringr

Package: PredRetR
Source: github
Version: 0.55
Hash: 09dd0f6c798cc343029f390722fa0db9
Requires: Rplot.extra, ggplot2, igraph, ini, massageR, plyr, pracma,
    reshape2, rmongodb, shiny, stringr
GithubRepo: PredRet
GithubUsername: stanstrup
GithubRef: packratify
GithubSha1: fcd15582d22bc54e928c2b6ad0c32dbe57c8d857

Package: ProtGenerics
Source: Bioconductor
Version: 1.4.0
Hash: 8cf5a4656dfdd14c71016d2099510c22

Package: R6
Source: CRAN
Version: 2.1.2
Hash: c515e41c73294952cbb33ee1c1be5a2d

Package: RBGL
Source: Bioconductor
Version: 1.48.1
Hash: d375c0560a26c2c7815ff6ab6428475a
Requires: graph

Package: RColorBrewer
Source: CRAN
Version: 1.1-2
Hash: c0d56cd15034f395874c870141870c25

Package: RCurl
Source: CRAN
Version: 1.95-4.8
Hash: 79c7d5a8684e44e0e3426d3093aa7d90
Requires: bitops

Package: RJSONIO
Source: CRAN
Version: 1.3-0
Hash: fb672e20eb6f3010a3639f855d8ef6de

Package: Rcpp
Source: CRAN
Version: 0.12.5
Hash: 625a95cb4ef523a77ad02e140b715db6

Package: RcppClassic
Source: CRAN
Version: 0.9.6
Hash: efa235ef15d2e97a043abff93c5f407e
Requires: Rcpp

Package: RcppEigen
Source: CRAN
Version: 0.3.2.8.1
Hash: 8c2b87edd3eaad610fc11e6975f84d23
Requires: Rcpp

Package: Rdisop
Source: Bioconductor
Version: 1.32.0
Hash: a7c7e9780b8330d95ecf105d89bbde17
Requires: Rcpp, RcppClassic

Package: Rplot.extra
Source: github
Version: 0.2
Hash: 59ac76e487f7d76b77ff67a1312edee2
Requires: devtools, ggplot2, igraph, pcaMethods, plyr
GithubRepo: Rplot.extra
GithubUsername: stanstrup
GithubRef: master
GithubSha1: 93f91c209abc4c8f6a7113d02f73351a104edba7

Package: S4Vectors
Source: Bioconductor
Version: 0.10.0
Hash: 47d929e8fcf9e5efffa6310b7ecf00b0
Requires: BiocGenerics

Package: SparseM
Source: CRAN
Version: 1.7
Hash: 98aaf6c87c9a70c4982e437c02698e76

Package: XML
Source: CRAN
Version: 3.98-1.4
Hash: 9f8bc34c3c3d2967c7d25f8945216ffa

Package: XVector
Source: Bioconductor
Version: 0.12.0
Hash: dc677dd51ad2afa1c0848d616cfec43c
Requires: BiocGenerics, IRanges, S4Vectors, zlibbioc

Package: acepack
Source: CRAN
Version: 1.3-3.3
Hash: 98134fc49d89dcc4662712f3111e68e6

Package: assertthat
Source: CRAN
Version: 0.1
Hash: 0afb92b59b02593c70ff8046700ba9d3

Package: bitops
Source: CRAN
Version: 1.0-6
Hash: 67d0775189fd0041d95abca618c5c07e

Package: car
Source: CRAN
Version: 2.1-2
Hash: a3a1be19eec9f289555ff01b43be707a
Requires: pbkrtest, quantreg

Package: chemhelper
Source: github
Version: 0.6
Hash: 7b61b479a70d9423a32aec2b95787dd6
Requires: CAMERA, CTSgetR, RCurl, Rcpp, Rdisop, devtools, dplyr,
    magrittr, obabel2R, rpubchem, scales, stringr, tidyr, xcms, xlsx
GithubRepo: chemhelper
GithubUsername: stanstrup
GithubRef: master
GithubSha1: 75930cc34a9b36a303a1571260b4587b92409c75

Package: chron
Source: CRAN
Version: 2.3-47
Hash: d25d96d908cd21080f24c89eed4c80a0

Package: colorspace
Source: CRAN
Version: 1.2-6
Hash: 00bb12245cd975c450cc4a960884fa15

Package: curl
Source: CRAN
Version: 0.9.7
Hash: 8a3eaed84ed6a9a188efdeddb231c5de

Package: data.table
Source: CRAN
Version: 1.9.6
Hash: f92ef1f73afa43bf6fd69a22f3794abd
Requires: chron

Package: devtools
Source: CRAN
Version: 1.11.1
Hash: 4c6aa014d917044bf376a363c3c8ee1a
Requires: digest, git2r, httr, jsonlite, memoise, rstudioapi, whisker,
    withr

Package: dichromat
Source: CRAN
Version: 2.0-0
Hash: 08eed0c80510af29bb15f840ccfe37ce

Package: digest
Source: CRAN
Version: 0.6.9
Hash: fd55d5a024f160fc001a5ece1e27782d

Package: doParallel
Source: CRAN
Version: 1.0.10
Hash: df91a7abfa938c06ad87b9a2b9269adb
Requires: foreach, iterators

Package: dplyr
Source: CRAN
Version: 0.4.3
Hash: e6d3a09516f2018080e4737423aadfa6
Requires: BH, DBI, R6, Rcpp, assertthat, lazyeval, magrittr

Package: foreach
Source: CRAN
Version: 1.4.3
Hash: cd53ef4cf29dc59ce3f8c5c1af735fd1
Requires: iterators

Package: ggplot2
Source: CRAN
Version: 2.1.0
Hash: 50e297b0191179c39c7dcae0eff72b51
Requires: digest, gtable, plyr, reshape2, scales

Package: git2r
Source: CRAN
Version: 0.15.0
Hash: 92d5a9f3cba5e146b92a76dabbc29fbb

Package: graph
Source: Bioconductor
Version: 1.50.0
Hash: bf04e78cca17793ca285af3c1dfb3bb2
Requires: BiocGenerics

Package: gridBase
Source: CRAN
Version: 0.4-7
Hash: d4b7f73c0fdf11d18d1e1ae1643ac4ec

Package: gridExtra
Source: CRAN
Version: 2.2.1
Hash: 8f54b57d4b0598ed5b27e0eafe86a670
Requires: gtable

Package: gtable
Source: CRAN
Version: 0.2.0
Hash: cd78381a9d3fea966ac39bd0daaf5554

Package: htmltools
Source: CRAN
Version: 0.3.5
Hash: 645c10ce7e6c8dbbedb358a829c41848
Requires: Rcpp, digest

Package: htmlwidgets
Source: CRAN
Version: 0.6
Hash: 267a36d738dd98cec3dc9c471becb717
Requires: htmltools, jsonlite, yaml

Package: httpuv
Source: CRAN
Version: 1.3.3
Hash: 85ddfbe704ae0ee4f884604de445fb75
Requires: Rcpp

Package: httr
Source: CRAN
Version: 1.1.0
Hash: 27ffb4b4dbb8ac4019126070d66910fc
Requires: R6, curl, jsonlite, mime, openssl

Package: igraph
Source: CRAN
Version: 1.0.1
Hash: 26ac36402e881905359daabfd9ba4057
Requires: NMF, irlba, magrittr

Package: ini
Source: CRAN
Version: 0.2
Hash: 12df248cc384eb68545a617da2730c8e

Package: irlba
Source: CRAN
Version: 2.0.0
Hash: 53647cf593a0f5e5ae4f713d125499d1

Package: iterators
Source: CRAN
Version: 1.0.8
Hash: 488b93c2a4166db0d15f1e8d882cb1d4

Package: jsonlite
Source: CRAN
Version: 0.9.20
Hash: 7c342f33735452ef1f1512af8bcca066

Package: labeling
Source: CRAN
Version: 0.3
Hash: ecf589b42cd284b03a4beb9665482d3e

Package: latticeExtra
Source: CRAN
Version: 0.6-28
Hash: efdf3a10a129129f7b8f4ae5a0d7ec3d
Requires: RColorBrewer

Package: lazyeval
Source: CRAN
Version: 0.1.10
Hash: 9679f1ac7f6bc07bc79755f34cd15e1f

Package: lme4
Source: CRAN
Version: 1.1-12
Hash: b1a920ffe472d3e5111ee57dd81402ba
Requires: Rcpp, RcppEigen, minqa, nloptr

Package: magrittr
Source: CRAN
Version: 1.5
Hash: bdc4d48c3135e8f3b399536ddf160df4

Package: markdown
Source: CRAN
Version: 0.7.7
Hash: fea2343a1119d61b0cc5c0a950d103a3
Requires: mime

Package: massageR
Source: github
Version: 0.2
Hash: 7cfe0af170467deff89985bb1c25af6b
Requires: dplyr, igraph, plyr, purrr, reshape2
GithubRepo: massageR
GithubUsername: stanstrup
GithubRef: master
GithubSha1: 14c79a8968adee13f4543ec0dc488d5dd15c70c3

Package: memoise
Source: CRAN
Version: 1.0.0
Hash: 56e7087c3559eb7ba72a9afb349bf896
Requires: digest

Package: mime
Source: CRAN
Version: 0.4
Hash: b08c52dae92a0a11e64a4deea032ec33

Package: minqa
Source: CRAN
Version: 1.2.4
Hash: 70aa5ea3706b6198e36b51d7df2e2c11
Requires: Rcpp

Package: munsell
Source: CRAN
Version: 0.4.3
Hash: f96d896947fcaf9b6d0074002e9f4f9d
Requires: colorspace

Package: mzR
Source: Bioconductor
Version: 2.6.2
Hash: 6b489e8a69d568a90958c65fbfaebaf5
Requires: Biobase, BiocGenerics, ProtGenerics, Rcpp, zlibbioc

Package: nloptr
Source: CRAN
Version: 1.0.4
Hash: 8053df240a4635aeb54fc68c6de67709

Package: obabel2R
Source: github
Version: 0.5
Hash: 4a6ef21925ead33cab6925d0568ddac6
Requires: ChemmineR
GithubRepo: obabel2R
GithubUsername: stanstrup
GithubRef: master
GithubSha1: f219d1bdc6f32176d64349fcaefda6288cbf5f98

Package: openssl
Source: CRAN
Version: 0.9.3
Hash: 1335281824f05d7aa6a2b08eac3fca54

Package: packrat
Source: CRAN
Version: 0.4.7-1
Hash: 16ca16d36eb18d1d16113606ecc5c400

Package: pbkrtest
Source: CRAN
Version: 0.4-6
Hash: 8117c37e2e3078e3c6465134bac6956e
Requires: lme4

Package: pcaMethods
Source: Bioconductor
Version: 1.64.0
Hash: 7666b1454a62672f273c50c3ade1f564
Requires: Biobase, BiocGenerics, Rcpp

Package: pkgmaker
Source: CRAN
Version: 0.22
Hash: 2e5fc2a6b7eaeb1e1d397a8dc5f54480
Requires: digest, registry, stringr, xtable

Package: plyr
Source: CRAN
Version: 1.8.3
Hash: 7998a888024e465c15f40b078d17b5a6
Requires: Rcpp

Package: png
Source: CRAN
Version: 0.1-7
Hash: 421d7d6e0fb4bd885ecbd909b6456b8b

Package: pracma
Source: CRAN
Version: 1.8.8
Hash: eae709a6e5b09d1af7203d25ca9dd462

Package: purrr
Source: CRAN
Version: 0.2.1
Hash: 382bb6ecfcc3c3f8a58feeeeca203dc1
Requires: BH, Rcpp, dplyr, lazyeval, magrittr

Package: quantreg
Source: CRAN
Version: 5.24
Hash: 3ae0bf3d5ae51e000a9c051488af8669
Requires: MatrixModels, SparseM

Package: rJava
Source: CRAN
Version: 0.9-8
Hash: 3e8627a2a5bd45c9bad6112acfc231d9

Package: registry
Source: CRAN
Version: 0.3
Hash: f9447c26b51b8c96f53720c5ff862c93

Package: reshape2
Source: CRAN
Version: 1.4.1
Hash: 4c341beb363831f5320f678f7f1b679d
Requires: Rcpp, plyr, stringr

Package: rjson
Source: CRAN
Version: 0.2.15
Hash: def074f38d0cff3b597649ee6f976128

Package: rmongodb
Source: CRAN
Version: 1.8.0
Hash: 831ead5b7d5a7ff266449f47f50cc14a
Requires: jsonlite, plyr

Package: rmongodb.quick
Source: github
Version: 0.05
Hash: 3128df801c33245546b8f1dd7d2a6c89
Requires: rmongodb
GithubRepo: rmongodb.quick
GithubUsername: stanstrup
GithubRef: master
GithubSha1: cec4cb0386e8e38cb808d31f5bf36effd7d66218

Package: rngtools
Source: CRAN
Version: 1.2.4
Hash: 4db0661fe95ab6eb3d6339495bf22003
Requires: digest, pkgmaker, stringr

Package: rpubchem
Source: CRAN
Version: 1.5.0.2
Hash: 6eecdbd1eaada0930f06df3d5e354f71
Requires: RCurl, RJSONIO, XML, car

Package: rstudioapi
Source: CRAN
Version: 0.5
Hash: f942db72a8f51e968b061f28058e2c57

Package: scales
Source: CRAN
Version: 0.4.0
Hash: bce90b73946711302c29ceabdb08241c
Requires: RColorBrewer, Rcpp, dichromat, labeling, munsell, plyr

Package: shiny
Source: CRAN
Version: 0.12.1
Hash: b0066db774f42c02416c5e2d49cd1a15
Requires: R6, digest, htmltools, httpuv, jsonlite, mime, xtable

Package: shinyBS
Source: github
Version: 0.25
Hash: 8bddeb2abd7f58c3e698de6a3adb2f18
Requires: shiny
GithubRepo: shinyBS
GithubUsername: ebailey78
GithubRef: 773cd0d29a41a5a65b521af1524c5ac9c7464e37
GithubSha1: 773cd0d29a41a5a65b521af1524c5ac9c7464e37

Package: stringdist
Source: CRAN
Version: 0.9.4.1
Hash: 565e2789f9e45d317b2a3bae1bb74b59

Package: stringi
Source: CRAN
Version: 1.0-1
Hash: cf342bc407bd5daec77ed1009d5244e1

Package: stringr
Source: CRAN
Version: 1.0.0
Hash: 2676dd5f88890910962b733b0f9540e1
Requires: magrittr, stringi

Package: tidyr
Source: CRAN
Version: 0.4.1
Hash: fe98a1eef674a18a46d5c8a819ef0c20
Requires: Rcpp, dplyr, lazyeval, magrittr, stringi

Package: vwr
Source: CRAN
Version: 0.3.0
Hash: df9a44f2c916e1e5bfe463b5817552c8
Requires: latticeExtra, stringdist

Package: whisker
Source: CRAN
Version: 0.3-2
Hash: 803d662762e532705c2c066a82d066e7

Package: withr
Source: CRAN
Version: 1.0.1
Hash: e3d37838719e5d66652364e2aefebcee

Package: xcms
Source: Bioconductor
Version: 1.48.0
Hash: 51c4ad0c050a903baf116fd2ef0dcb78
Requires: Biobase, BiocGenerics, ProtGenerics, RColorBrewer, mzR

Package: xlsx
Source: CRAN
Version: 0.5.7
Hash: 6acda2cf5190bf93d0b24c5a40b564cf
Requires: rJava, xlsxjars

Package: xlsxjars
Source: CRAN
Version: 0.6.1
Hash: 3902149dad80bcb14fcd88d8c7fd7f3b
Requires: rJava

Package: xtable
Source: CRAN
Version: 1.8-2
Hash: 7293235cfcc14cdff1ce7fd1a0212031

Package: yaml
Source: CRAN
Version: 2.1.13
Hash: 4854ccabebc225e8a7309fb4a74980de

Package: zlibbioc
Source: Bioconductor
Version: 1.18.0
Hash: c8f785fe74be1408724b5031ff23dc2d
